
Microsoft Visual Studio Solution File, Format Version 12.00
# Visual Studio Version 17
VisualStudioVersion = 17.5.33530.505
MinimumVisualStudioVersion = 10.0.40219.1
Project("{9A19103F-16F7-4668-BE54-9A1E7A4F7556}") = "SchoolManagementSystem", "SchoolManagementSystem.csproj", "{94673E92-8975-4807-9497-524EE331E43F}"
EndProject
Global
	GlobalSection(SolutionConfigurationPlatforms) = preSolution
		Debug|Any CPU = Debug|Any CPU
		Release|Any CPU = Release|Any CPU
	EndGlobalSection
	GlobalSection(ProjectConfigurationPlatforms) = postSolution
		{94673E92-8975-4807-9497-524EE331E43F}.Debug|Any CPU.ActiveCfg = Debug|Any CPU
		{94673E92-8975-4807-9497-524EE331E43F}.Debug|Any CPU.Build.0 = Debug|Any CPU
		{94673E92-8975-4807-9497-524EE331E43F}.Release|Any CPU.ActiveCfg = Release|Any CPU
		{94673E92-8975-4807-9497-524EE331E43F}.Release|Any CPU.Build.0 = Release|Any CPU
	EndGlobalSection
	GlobalSection(SolutionProperties) = preSolution
		HideSolutionNode = FALSE
	EndGlobalSection
	GlobalSection(ExtensibilityGlobals) = postSolution
		SolutionGuid = {9A22814C-A896-47F4-8141-1DBA1763E3E1}
	EndGlobalSection
EndGlobal
