
Microsoft Visual Studio Solution File, Format Version 12.00
# Visual Studio Version 17
VisualStudioVersion = 17.7.34031.279
MinimumVisualStudioVersion = 10.0.40219.1
Project("{FAE04EC0-301F-11D3-BF4B-00C04F79EFBC}") = "LMS", "LMS\LMS.csproj", "{EA55A803-27E0-4247-8B1A-DB037027EE90}"
EndProject
Global
	GlobalSection(SolutionConfigurationPlatforms) = preSolution
		Debug|Any CPU = Debug|Any CPU
		Release|Any CPU = Release|Any CPU
	EndGlobalSection
	GlobalSection(ProjectConfigurationPlatforms) = postSolution
		{EA55A803-27E0-4247-8B1A-DB037027EE90}.Debug|Any CPU.ActiveCfg = Debug|Any CPU
		{EA55A803-27E0-4247-8B1A-DB037027EE90}.Debug|Any CPU.Build.0 = Debug|Any CPU
		{EA55A803-27E0-4247-8B1A-DB037027EE90}.Release|Any CPU.ActiveCfg = Release|Any CPU
		{EA55A803-27E0-4247-8B1A-DB037027EE90}.Release|Any CPU.Build.0 = Release|Any CPU
	EndGlobalSection
	GlobalSection(SolutionProperties) = preSolution
		HideSolutionNode = FALSE
	EndGlobalSection
	GlobalSection(ExtensibilityGlobals) = postSolution
		SolutionGuid = {44256C1F-FAC8-4660-9139-91C3ACECCB2A}
	EndGlobalSection
EndGlobal
